
Microsoft Visual Studio Solution File, Format Version 12.00
# Visual Studio Version 17
VisualStudioVersion = 17.5.2.0
MinimumVisualStudioVersion = 10.0.40219.1
Project("{FAE04EC0-301F-11D3-BF4B-00C04F79EFBC}") = "Application", "Application\Application.csproj", "{F80C4E72-27A0-12B5-0634-DD5C11CFB0C1}"
EndProject
Project("{FAE04EC0-301F-11D3-BF4B-00C04F79EFBC}") = "Domain", "Domain\Domain.csproj", "{E528BBC3-1C26-8C35-F682-23718816ADCD}"
EndProject
Project("{FAE04EC0-301F-11D3-BF4B-00C04F79EFBC}") = "Infrastructure", "Infrastructure\Infrastructure.csproj", "{5872AEB3-BAA3-FE31-B0EB-0FB6DBEDCF83}"
EndProject
Project("{FAE04EC0-301F-11D3-BF4B-00C04F79EFBC}") = "InterfaceAdapters", "InterfaceAdapters\InterfaceAdapters.csproj", "{715A70B0-3204-BAB3-490F-732F060AF67F}"
EndProject
Project("{FAE04EC0-301F-11D3-BF4B-00C04F79EFBC}") = "Domain.Tests", "Domain.Tests\Domain.Tests.csproj", "{93649BCB-6521-4DA4-ADED-AF95D599AEBA}"
EndProject
Project("{FAE04EC0-301F-11D3-BF4B-00C04F79EFBC}") = "Application.Tests", "Application.Tests\Application.Tests.csproj", "{2C71E940-5A0A-43D9-86A0-40B92B5BAE26}"
EndProject
Project("{FAE04EC0-301F-11D3-BF4B-00C04F79EFBC}") = "Infrastructure.Tests", "Infrastructure.Tests\Infrastructure.Tests.csproj", "{64811BA0-1C83-4A11-B431-0356C1C54099}"
EndProject
Project("{FAE04EC0-301F-11D3-BF4B-00C04F79EFBC}") = "InterfaceAdapters.Tests", "InterfaceAdapters.Tests\InterfaceAdapters.Tests.csproj", "{FB2766F9-D119-449F-A214-D2CE56574CCE}"
EndProject
Global
	GlobalSection(SolutionConfigurationPlatforms) = preSolution
		Debug|Any CPU = Debug|Any CPU
		Debug|x64 = Debug|x64
		Debug|x86 = Debug|x86
		Release|Any CPU = Release|Any CPU
		Release|x64 = Release|x64
		Release|x86 = Release|x86
	EndGlobalSection
	GlobalSection(ProjectConfigurationPlatforms) = postSolution
		{F80C4E72-27A0-12B5-0634-DD5C11CFB0C1}.Debug|Any CPU.ActiveCfg = Debug|Any CPU
		{F80C4E72-27A0-12B5-0634-DD5C11CFB0C1}.Debug|Any CPU.Build.0 = Debug|Any CPU
		{F80C4E72-27A0-12B5-0634-DD5C11CFB0C1}.Debug|x64.ActiveCfg = Debug|Any CPU
		{F80C4E72-27A0-12B5-0634-DD5C11CFB0C1}.Debug|x64.Build.0 = Debug|Any CPU
		{F80C4E72-27A0-12B5-0634-DD5C11CFB0C1}.Debug|x86.ActiveCfg = Debug|Any CPU
		{F80C4E72-27A0-12B5-0634-DD5C11CFB0C1}.Debug|x86.Build.0 = Debug|Any CPU
		{F80C4E72-27A0-12B5-0634-DD5C11CFB0C1}.Release|Any CPU.ActiveCfg = Release|Any CPU
		{F80C4E72-27A0-12B5-0634-DD5C11CFB0C1}.Release|Any CPU.Build.0 = Release|Any CPU
		{F80C4E72-27A0-12B5-0634-DD5C11CFB0C1}.Release|x64.ActiveCfg = Release|Any CPU
		{F80C4E72-27A0-12B5-0634-DD5C11CFB0C1}.Release|x64.Build.0 = Release|Any CPU
		{F80C4E72-27A0-12B5-0634-DD5C11CFB0C1}.Release|x86.ActiveCfg = Release|Any CPU
		{F80C4E72-27A0-12B5-0634-DD5C11CFB0C1}.Release|x86.Build.0 = Release|Any CPU
		{E528BBC3-1C26-8C35-F682-23718816ADCD}.Debug|Any CPU.ActiveCfg = Debug|Any CPU
		{E528BBC3-1C26-8C35-F682-23718816ADCD}.Debug|Any CPU.Build.0 = Debug|Any CPU
		{E528BBC3-1C26-8C35-F682-23718816ADCD}.Debug|x64.ActiveCfg = Debug|Any CPU
		{E528BBC3-1C26-8C35-F682-23718816ADCD}.Debug|x64.Build.0 = Debug|Any CPU
		{E528BBC3-1C26-8C35-F682-23718816ADCD}.Debug|x86.ActiveCfg = Debug|Any CPU
		{E528BBC3-1C26-8C35-F682-23718816ADCD}.Debug|x86.Build.0 = Debug|Any CPU
		{E528BBC3-1C26-8C35-F682-23718816ADCD}.Release|Any CPU.ActiveCfg = Release|Any CPU
		{E528BBC3-1C26-8C35-F682-23718816ADCD}.Release|Any CPU.Build.0 = Release|Any CPU
		{E528BBC3-1C26-8C35-F682-23718816ADCD}.Release|x64.ActiveCfg = Release|Any CPU
		{E528BBC3-1C26-8C35-F682-23718816ADCD}.Release|x64.Build.0 = Release|Any CPU
		{E528BBC3-1C26-8C35-F682-23718816ADCD}.Release|x86.ActiveCfg = Release|Any CPU
		{E528BBC3-1C26-8C35-F682-23718816ADCD}.Release|x86.Build.0 = Release|Any CPU
		{5872AEB3-BAA3-FE31-B0EB-0FB6DBEDCF83}.Debug|Any CPU.ActiveCfg = Debug|Any CPU
		{5872AEB3-BAA3-FE31-B0EB-0FB6DBEDCF83}.Debug|Any CPU.Build.0 = Debug|Any CPU
		{5872AEB3-BAA3-FE31-B0EB-0FB6DBEDCF83}.Debug|x64.ActiveCfg = Debug|Any CPU
		{5872AEB3-BAA3-FE31-B0EB-0FB6DBEDCF83}.Debug|x64.Build.0 = Debug|Any CPU
		{5872AEB3-BAA3-FE31-B0EB-0FB6DBEDCF83}.Debug|x86.ActiveCfg = Debug|Any CPU
		{5872AEB3-BAA3-FE31-B0EB-0FB6DBEDCF83}.Debug|x86.Build.0 = Debug|Any CPU
		{5872AEB3-BAA3-FE31-B0EB-0FB6DBEDCF83}.Release|Any CPU.ActiveCfg = Release|Any CPU
		{5872AEB3-BAA3-FE31-B0EB-0FB6DBEDCF83}.Release|Any CPU.Build.0 = Release|Any CPU
		{5872AEB3-BAA3-FE31-B0EB-0FB6DBEDCF83}.Release|x64.ActiveCfg = Release|Any CPU
		{5872AEB3-BAA3-FE31-B0EB-0FB6DBEDCF83}.Release|x64.Build.0 = Release|Any CPU
		{5872AEB3-BAA3-FE31-B0EB-0FB6DBEDCF83}.Release|x86.ActiveCfg = Release|Any CPU
		{5872AEB3-BAA3-FE31-B0EB-0FB6DBEDCF83}.Release|x86.Build.0 = Release|Any CPU
		{715A70B0-3204-BAB3-490F-732F060AF67F}.Debug|Any CPU.ActiveCfg = Debug|Any CPU
		{715A70B0-3204-BAB3-490F-732F060AF67F}.Debug|Any CPU.Build.0 = Debug|Any CPU
		{715A70B0-3204-BAB3-490F-732F060AF67F}.Debug|x64.ActiveCfg = Debug|Any CPU
		{715A70B0-3204-BAB3-490F-732F060AF67F}.Debug|x64.Build.0 = Debug|Any CPU
		{715A70B0-3204-BAB3-490F-732F060AF67F}.Debug|x86.ActiveCfg = Debug|Any CPU
		{715A70B0-3204-BAB3-490F-732F060AF67F}.Debug|x86.Build.0 = Debug|Any CPU
		{715A70B0-3204-BAB3-490F-732F060AF67F}.Release|Any CPU.ActiveCfg = Release|Any CPU
		{715A70B0-3204-BAB3-490F-732F060AF67F}.Release|Any CPU.Build.0 = Release|Any CPU
		{715A70B0-3204-BAB3-490F-732F060AF67F}.Release|x64.ActiveCfg = Release|Any CPU
		{715A70B0-3204-BAB3-490F-732F060AF67F}.Release|x64.Build.0 = Release|Any CPU
		{715A70B0-3204-BAB3-490F-732F060AF67F}.Release|x86.ActiveCfg = Release|Any CPU
		{715A70B0-3204-BAB3-490F-732F060AF67F}.Release|x86.Build.0 = Release|Any CPU
		{93649BCB-6521-4DA4-ADED-AF95D599AEBA}.Debug|Any CPU.ActiveCfg = Debug|Any CPU
		{93649BCB-6521-4DA4-ADED-AF95D599AEBA}.Debug|Any CPU.Build.0 = Debug|Any CPU
		{93649BCB-6521-4DA4-ADED-AF95D599AEBA}.Debug|x64.ActiveCfg = Debug|Any CPU
		{93649BCB-6521-4DA4-ADED-AF95D599AEBA}.Debug|x64.Build.0 = Debug|Any CPU
		{93649BCB-6521-4DA4-ADED-AF95D599AEBA}.Debug|x86.ActiveCfg = Debug|Any CPU
		{93649BCB-6521-4DA4-ADED-AF95D599AEBA}.Debug|x86.Build.0 = Debug|Any CPU
		{93649BCB-6521-4DA4-ADED-AF95D599AEBA}.Release|Any CPU.ActiveCfg = Release|Any CPU
		{93649BCB-6521-4DA4-ADED-AF95D599AEBA}.Release|Any CPU.Build.0 = Release|Any CPU
		{93649BCB-6521-4DA4-ADED-AF95D599AEBA}.Release|x64.ActiveCfg = Release|Any CPU
		{93649BCB-6521-4DA4-ADED-AF95D599AEBA}.Release|x64.Build.0 = Release|Any CPU
		{93649BCB-6521-4DA4-ADED-AF95D599AEBA}.Release|x86.ActiveCfg = Release|Any CPU
		{93649BCB-6521-4DA4-ADED-AF95D599AEBA}.Release|x86.Build.0 = Release|Any CPU
		{2C71E940-5A0A-43D9-86A0-40B92B5BAE26}.Debug|Any CPU.ActiveCfg = Debug|Any CPU
		{2C71E940-5A0A-43D9-86A0-40B92B5BAE26}.Debug|Any CPU.Build.0 = Debug|Any CPU
		{2C71E940-5A0A-43D9-86A0-40B92B5BAE26}.Debug|x64.ActiveCfg = Debug|Any CPU
		{2C71E940-5A0A-43D9-86A0-40B92B5BAE26}.Debug|x64.Build.0 = Debug|Any CPU
		{2C71E940-5A0A-43D9-86A0-40B92B5BAE26}.Debug|x86.ActiveCfg = Debug|Any CPU
		{2C71E940-5A0A-43D9-86A0-40B92B5BAE26}.Debug|x86.Build.0 = Debug|Any CPU
		{2C71E940-5A0A-43D9-86A0-40B92B5BAE26}.Release|Any CPU.ActiveCfg = Release|Any CPU
		{2C71E940-5A0A-43D9-86A0-40B92B5BAE26}.Release|Any CPU.Build.0 = Release|Any CPU
		{2C71E940-5A0A-43D9-86A0-40B92B5BAE26}.Release|x64.ActiveCfg = Release|Any CPU
		{2C71E940-5A0A-43D9-86A0-40B92B5BAE26}.Release|x64.Build.0 = Release|Any CPU
		{2C71E940-5A0A-43D9-86A0-40B92B5BAE26}.Release|x86.ActiveCfg = Release|Any CPU
		{2C71E940-5A0A-43D9-86A0-40B92B5BAE26}.Release|x86.Build.0 = Release|Any CPU
		{64811BA0-1C83-4A11-B431-0356C1C54099}.Debug|Any CPU.ActiveCfg = Debug|Any CPU
		{64811BA0-1C83-4A11-B431-0356C1C54099}.Debug|Any CPU.Build.0 = Debug|Any CPU
		{64811BA0-1C83-4A11-B431-0356C1C54099}.Debug|x64.ActiveCfg = Debug|Any CPU
		{64811BA0-1C83-4A11-B431-0356C1C54099}.Debug|x64.Build.0 = Debug|Any CPU
		{64811BA0-1C83-4A11-B431-0356C1C54099}.Debug|x86.ActiveCfg = Debug|Any CPU
		{64811BA0-1C83-4A11-B431-0356C1C54099}.Debug|x86.Build.0 = Debug|Any CPU
		{64811BA0-1C83-4A11-B431-0356C1C54099}.Release|Any CPU.ActiveCfg = Release|Any CPU
		{64811BA0-1C83-4A11-B431-0356C1C54099}.Release|Any CPU.Build.0 = Release|Any CPU
		{64811BA0-1C83-4A11-B431-0356C1C54099}.Release|x64.ActiveCfg = Release|Any CPU
		{64811BA0-1C83-4A11-B431-0356C1C54099}.Release|x64.Build.0 = Release|Any CPU
		{64811BA0-1C83-4A11-B431-0356C1C54099}.Release|x86.ActiveCfg = Release|Any CPU
		{64811BA0-1C83-4A11-B431-0356C1C54099}.Release|x86.Build.0 = Release|Any CPU
		{FB2766F9-D119-449F-A214-D2CE56574CCE}.Debug|Any CPU.ActiveCfg = Debug|Any CPU
		{FB2766F9-D119-449F-A214-D2CE56574CCE}.Debug|Any CPU.Build.0 = Debug|Any CPU
		{FB2766F9-D119-449F-A214-D2CE56574CCE}.Debug|x64.ActiveCfg = Debug|Any CPU
		{FB2766F9-D119-449F-A214-D2CE56574CCE}.Debug|x64.Build.0 = Debug|Any CPU
		{FB2766F9-D119-449F-A214-D2CE56574CCE}.Debug|x86.ActiveCfg = Debug|Any CPU
		{FB2766F9-D119-449F-A214-D2CE56574CCE}.Debug|x86.Build.0 = Debug|Any CPU
		{FB2766F9-D119-449F-A214-D2CE56574CCE}.Release|Any CPU.ActiveCfg = Release|Any CPU
		{FB2766F9-D119-449F-A214-D2CE56574CCE}.Release|Any CPU.Build.0 = Release|Any CPU
		{FB2766F9-D119-449F-A214-D2CE56574CCE}.Release|x64.ActiveCfg = Release|Any CPU
		{FB2766F9-D119-449F-A214-D2CE56574CCE}.Release|x64.Build.0 = Release|Any CPU
		{FB2766F9-D119-449F-A214-D2CE56574CCE}.Release|x86.ActiveCfg = Release|Any CPU
		{FB2766F9-D119-449F-A214-D2CE56574CCE}.Release|x86.Build.0 = Release|Any CPU
	EndGlobalSection
	GlobalSection(SolutionProperties) = preSolution
		HideSolutionNode = FALSE
	EndGlobalSection
	GlobalSection(ExtensibilityGlobals) = postSolution
		SolutionGuid = {3DDA52FA-0480-49BC-8EF0-5E922D326338}
	EndGlobalSection
EndGlobal
